// !$*UTF8*$!
{
	archiveVersion = 1;
	classes = {
	};
	objectVersion = 77;
	objects = {

/* Begin PBXBuildFile section */
		2B9135B42D1B0E2100BE82DC /* CoreData.framework in Frameworks */ = {isa = PBXBuildFile; fileRef = 2B9135B22D1B0E1A00BE82DC /* CoreData.framework */; };
		2B9136182D1B128600BE82DC /* CloudKit.framework in Frameworks */ = {isa = PBXBuildFile; fileRef = 2B9136172D1B128600BE82DC /* CloudKit.framework */; };
/* End PBXBuildFile section */

/* Begin PBXContainerItemProxy section */
		2B9135882D1B027D00BE82DC /* PBXContainerItemProxy */ = {
			isa = PBXContainerItemProxy;
			containerPortal = 2B9135682D1B027B00BE82DC /* Project object */;
			proxyType = 1;
			remoteGlobalIDString = 2B91356F2D1B027C00BE82DC;
			remoteInfo = ShareDataDemo;
		};
		2B9135922D1B027D00BE82DC /* PBXContainerItemProxy */ = {
			isa = PBXContainerItemProxy;
			containerPortal = 2B9135682D1B027B00BE82DC /* Project object */;
			proxyType = 1;
			remoteGlobalIDString = 2B91356F2D1B027C00BE82DC;
			remoteInfo = ShareDataDemo;
		};
/* End PBXContainerItemProxy section */

/* Begin PBXFileReference section */
		2B9135702D1B027C00BE82DC /* ShareDataDemo.app */ = {isa = PBXFileReference; explicitFileType = wrapper.application; includeInIndex = 0; path = ShareDataDemo.app; sourceTree = BUILT_PRODUCTS_DIR; };
		2B9135872D1B027D00BE82DC /* ShareDataDemoTests.xctest */ = {isa = PBXFileReference; explicitFileType = wrapper.cfbundle; includeInIndex = 0; path = ShareDataDemoTests.xctest; sourceTree = BUILT_PRODUCTS_DIR; };
		2B9135912D1B027D00BE82DC /* ShareDataDemoUITests.xctest */ = {isa = PBXFileReference; explicitFileType = wrapper.cfbundle; includeInIndex = 0; path = ShareDataDemoUITests.xctest; sourceTree = BUILT_PRODUCTS_DIR; };
		2B9135B22D1B0E1A00BE82DC /* CoreData.framework */ = {isa = PBXFileReference; lastKnownFileType = wrapper.framework; name = CoreData.framework; path = System/Library/Frameworks/CoreData.framework; sourceTree = SDKROOT; };
		2B9136172D1B128600BE82DC /* CloudKit.framework */ = {isa = PBXFileReference; lastKnownFileType = wrapper.framework; name = CloudKit.framework; path = System/Library/Frameworks/CloudKit.framework; sourceTree = SDKROOT; };
/* End PBXFileReference section */

/* Begin PBXFileSystemSynchronizedBuildFileExceptionSet section */
		2B9135992D1B027D00BE82DC /* Exceptions for "ShareDataDemo" folder in "ShareDataDemo" target */ = {
			isa = PBXFileSystemSynchronizedBuildFileExceptionSet;
			membershipExceptions = (
				Info.plist,
			);
			target = 2B91356F2D1B027C00BE82DC /* ShareDataDemo */;
		};
/* End PBXFileSystemSynchronizedBuildFileExceptionSet section */

/* Begin PBXFileSystemSynchronizedRootGroup section */
		2B9135722D1B027C00BE82DC /* ShareDataDemo */ = {
			isa = PBXFileSystemSynchronizedRootGroup;
			exceptions = (
				2B9135992D1B027D00BE82DC /* Exceptions for "ShareDataDemo" folder in "ShareDataDemo" target */,
			);
			path = ShareDataDemo;
			sourceTree = "<group>";
		};
		2B91358A2D1B027D00BE82DC /* ShareDataDemoTests */ = {
			isa = PBXFileSystemSynchronizedRootGroup;
			path = ShareDataDemoTests;
			sourceTree = "<group>";
		};
		2B9135942D1B027D00BE82DC /* ShareDataDemoUITests */ = {
			isa = PBXFileSystemSynchronizedRootGroup;
			path = ShareDataDemoUITests;
			sourceTree = "<group>";
		};
/* End PBXFileSystemSynchronizedRootGroup section */

/* Begin PBXFrameworksBuildPhase section */
		2B91356D2D1B027C00BE82DC /* Frameworks */ = {
			isa = PBXFrameworksBuildPhase;
			buildActionMask = 2147483647;
			files = (
				2B9136182D1B128600BE82DC /* CloudKit.framework in Frameworks */,
				2B9135B42D1B0E2100BE82DC /* CoreData.framework in Frameworks */,
			);
			runOnlyForDeploymentPostprocessing = 0;
		};
		2B9135842D1B027D00BE82DC /* Frameworks */ = {
			isa = PBXFrameworksBuildPhase;
			buildActionMask = 2147483647;
			files = (
			);
			runOnlyForDeploymentPostprocessing = 0;
		};
		2B91358E2D1B027D00BE82DC /* Frameworks */ = {
			isa = PBXFrameworksBuildPhase;
			buildActionMask = 2147483647;
			files = (
			);
			runOnlyForDeploymentPostprocessing = 0;
		};
/* End PBXFrameworksBuildPhase section */

/* Begin PBXGroup section */
		2B9135672D1B027B00BE82DC = {
			isa = PBXGroup;
			children = (
				2B9135722D1B027C00BE82DC /* ShareDataDemo */,
				2B91358A2D1B027D00BE82DC /* ShareDataDemoTests */,
				2B9135942D1B027D00BE82DC /* ShareDataDemoUITests */,
				2B9135B12D1B0E1A00BE82DC /* Frameworks */,
				2B9135712D1B027C00BE82DC /* Products */,
			);
			sourceTree = "<group>";
		};
		2B9135712D1B027C00BE82DC /* Products */ = {
			isa = PBXGroup;
			children = (
				2B9135702D1B027C00BE82DC /* ShareDataDemo.app */,
				2B9135872D1B027D00BE82DC /* ShareDataDemoTests.xctest */,
				2B9135912D1B027D00BE82DC /* ShareDataDemoUITests.xctest */,
			);
			name = Products;
			sourceTree = "<group>";
		};
		2B9135B12D1B0E1A00BE82DC /* Frameworks */ = {
			isa = PBXGroup;
			children = (
				2B9136172D1B128600BE82DC /* CloudKit.framework */,
				2B9135B22D1B0E1A00BE82DC /* CoreData.framework */,
			);
			name = Frameworks;
			sourceTree = "<group>";
		};
/* End PBXGroup section */

/* Begin PBXNativeTarget section */
		2B91356F2D1B027C00BE82DC /* ShareDataDemo */ = {
			isa = PBXNativeTarget;
			buildConfigurationList = 2B91359A2D1B027D00BE82DC /* Build configuration list for PBXNativeTarget "ShareDataDemo" */;
			buildPhases = (
				2B91356C2D1B027C00BE82DC /* Sources */,
				2B91356D2D1B027C00BE82DC /* Frameworks */,
				2B91356E2D1B027C00BE82DC /* Resources */,
			);
			buildRules = (
			);
			dependencies = (
			);
			fileSystemSynchronizedGroups = (
				2B9135722D1B027C00BE82DC /* ShareDataDemo */,
			);
			name = ShareDataDemo;
			packageProductDependencies = (
			);
			productName = ShareDataDemo;
			productReference = 2B9135702D1B027C00BE82DC /* ShareDataDemo.app */;
			productType = "com.apple.product-type.application";
		};
		2B9135862D1B027D00BE82DC /* ShareDataDemoTests */ = {
			isa = PBXNativeTarget;
			buildConfigurationList = 2B91359F2D1B027D00BE82DC /* Build configuration list for PBXNativeTarget "ShareDataDemoTests" */;
			buildPhases = (
				2B9135832D1B027D00BE82DC /* Sources */,
				2B9135842D1B027D00BE82DC /* Frameworks */,
				2B9135852D1B027D00BE82DC /* Resources */,
			);
			buildRules = (
			);
			dependencies = (
				2B9135892D1B027D00BE82DC /* PBXTargetDependency */,
			);
			fileSystemSynchronizedGroups = (
				2B91358A2D1B027D00BE82DC /* ShareDataDemoTests */,
			);
			name = ShareDataDemoTests;
			packageProductDependencies = (
			);
			productName = ShareDataDemoTests;
			productReference = 2B9135872D1B027D00BE82DC /* ShareDataDemoTests.xctest */;
			productType = "com.apple.product-type.bundle.unit-test";
		};
		2B9135902D1B027D00BE82DC /* ShareDataDemoUITests */ = {
			isa = PBXNativeTarget;
			buildConfigurationList = 2B9135A22D1B027D00BE82DC /* Build configuration list for PBXNativeTarget "ShareDataDemoUITests" */;
			buildPhases = (
				2B91358D2D1B027D00BE82DC /* Sources */,
				2B91358E2D1B027D00BE82DC /* Frameworks */,
				2B91358F2D1B027D00BE82DC /* Resources */,
			);
			buildRules = (
			);
			dependencies = (
				2B9135932D1B027D00BE82DC /* PBXTargetDependency */,
			);
			fileSystemSynchronizedGroups = (
				2B9135942D1B027D00BE82DC /* ShareDataDemoUITests */,
			);
			name = ShareDataDemoUITests;
			packageProductDependencies = (
			);
			productName = ShareDataDemoUITests;
			productReference = 2B9135912D1B027D00BE82DC /* ShareDataDemoUITests.xctest */;
			productType = "com.apple.product-type.bundle.ui-testing";
		};
/* End PBXNativeTarget section */

/* Begin PBXProject section */
		2B9135682D1B027B00BE82DC /* Project object */ = {
			isa = PBXProject;
			attributes = {
				BuildIndependentTargetsInParallel = 1;
				LastSwiftUpdateCheck = 1620;
				LastUpgradeCheck = 1620;
				TargetAttributes = {
					2B91356F2D1B027C00BE82DC = {
						CreatedOnToolsVersion = 16.2;
					};
					2B9135862D1B027D00BE82DC = {
						CreatedOnToolsVersion = 16.2;
						TestTargetID = 2B91356F2D1B027C00BE82DC;
					};
					2B9135902D1B027D00BE82DC = {
						CreatedOnToolsVersion = 16.2;
						TestTargetID = 2B91356F2D1B027C00BE82DC;
					};
				};
			};
			buildConfigurationList = 2B91356B2D1B027B00BE82DC /* Build configuration list for PBXProject "ShareDataDemo" */;
			developmentRegion = en;
			hasScannedForEncodings = 0;
			knownRegions = (
				en,
				Base,
			);
			mainGroup = 2B9135672D1B027B00BE82DC;
			minimizedProjectReferenceProxies = 1;
			preferredProjectObjectVersion = 77;
			productRefGroup = 2B9135712D1B027C00BE82DC /* Products */;
			projectDirPath = "";
			projectRoot = "";
			targets = (
				2B91356F2D1B027C00BE82DC /* ShareDataDemo */,
				2B9135862D1B027D00BE82DC /* ShareDataDemoTests */,
				2B9135902D1B027D00BE82DC /* ShareDataDemoUITests */,
			);
		};
/* End PBXProject section */

/* Begin PBXResourcesBuildPhase section */
		2B91356E2D1B027C00BE82DC /* Resources */ = {
			isa = PBXResourcesBuildPhase;
			buildActionMask = 2147483647;
			files = (
			);
			runOnlyForDeploymentPostprocessing = 0;
		};
		2B9135852D1B027D00BE82DC /* Resources */ = {
			isa = PBXResourcesBuildPhase;
			buildActionMask = 2147483647;
			files = (
			);
			runOnlyForDeploymentPostprocessing = 0;
		};
		2B91358F2D1B027D00BE82DC /* Resources */ = {
			isa = PBXResourcesBuildPhase;
			buildActionMask = 2147483647;
			files = (
			);
			runOnlyForDeploymentPostprocessing = 0;
		};
/* End PBXResourcesBuildPhase section */

/* Begin PBXSourcesBuildPhase section */
		2B91356C2D1B027C00BE82DC /* Sources */ = {
			isa = PBXSourcesBuildPhase;
			buildActionMask = 2147483647;
			files = (
			);
			runOnlyForDeploymentPostprocessing = 0;
		};
		2B9135832D1B027D00BE82DC /* Sources */ = {
			isa = PBXSourcesBuildPhase;
			buildActionMask = 2147483647;
			files = (
			);
			runOnlyForDeploymentPostprocessing = 0;
		};
		2B91358D2D1B027D00BE82DC /* Sources */ = {
			isa = PBXSourcesBuildPhase;
			buildActionMask = 2147483647;
			files = (
			);
			runOnlyForDeploymentPostprocessing = 0;
		};
/* End PBXSourcesBuildPhase section */

/* Begin PBXTargetDependency section */
		2B9135892D1B027D00BE82DC /* PBXTargetDependency */ = {
			isa = PBXTargetDependency;
			target = 2B91356F2D1B027C00BE82DC /* ShareDataDemo */;
			targetProxy = 2B9135882D1B027D00BE82DC /* PBXContainerItemProxy */;
		};
		2B9135932D1B027D00BE82DC /* PBXTargetDependency */ = {
			isa = PBXTargetDependency;
			target = 2B91356F2D1B027C00BE82DC /* ShareDataDemo */;
			targetProxy = 2B9135922D1B027D00BE82DC /* PBXContainerItemProxy */;
		};
/* End PBXTargetDependency section */

/* Begin XCBuildConfiguration section */
		2B91359B2D1B027D00BE82DC /* Debug */ = {
			isa = XCBuildConfiguration;
			buildSettings = {
				ASSETCATALOG_COMPILER_APPICON_NAME = AppIcon;
				ASSETCATALOG_COMPILER_GLOBAL_ACCENT_COLOR_NAME = AccentColor;
				CODE_SIGN_ENTITLEMENTS = ShareDataDemo/ShareDataDemo.entitlements;
				CODE_SIGN_STYLE = Automatic;
				CURRENT_PROJECT_VERSION = 1;
				DEVELOPMENT_ASSET_PATHS = "\"ShareDataDemo/Preview Content\"";
				DEVELOPMENT_TEAM = 4C7QBQ6F96;
				ENABLE_PREVIEWS = YES;
				GENERATE_INFOPLIST_FILE = YES;
				INFOPLIST_FILE = ShareDataDemo/Info.plist;
				INFOPLIST_KEY_UIApplicationSceneManifest_Generation = YES;
				INFOPLIST_KEY_UIApplicationSupportsIndirectInputEvents = YES;
				INFOPLIST_KEY_UILaunchScreen_Generation = YES;
				INFOPLIST_KEY_UISupportedInterfaceOrientations_iPad = "UIInterfaceOrientationPortrait UIInterfaceOrientationPortraitUpsideDown UIInterfaceOrientationLandscapeLeft UIInterfaceOrientationLandscapeRight";
				INFOPLIST_KEY_UISupportedInterfaceOrientations_iPhone = "UIInterfaceOrientationPortrait UIInterfaceOrientationLandscapeLeft UIInterfaceOrientationLandscapeRight";
				LD_RUNPATH_SEARCH_PATHS = (
					"$(inherited)",
					"@executable_path/Frameworks",
				);
				MARKETING_VERSION = 1.0;
				PRODUCT_BUNDLE_IDENTIFIER = com.crosszan.shareSwiftDataDemo.ShareDataDemo;
				PRODUCT_NAME = "$(TARGET_NAME)";
				SWIFT_EMIT_LOC_STRINGS = YES;
				SWIFT_VERSION = 5.0;
				TARGETED_DEVICE_FAMILY = "1,2";
			};
			name = Debug;
		};
		2B91359C2D1B027D00BE82DC /* Release */ = {
			isa = XCBuildConfiguration;
			buildSettings = {
				ASSETCATALOG_COMPILER_APPICON_NAME = AppIcon;
				ASSETCATALOG_COMPILER_GLOBAL_ACCENT_COLOR_NAME = AccentColor;
				CODE_SIGN_ENTITLEMENTS = ShareDataDemo/ShareDataDemo.entitlements;
				CODE_SIGN_STYLE = Automatic;
				CURRENT_PROJECT_VERSION = 1;
				DEVELOPMENT_ASSET_PATHS = "\"ShareDataDemo/Preview Content\"";
				DEVELOPMENT_TEAM = 4C7QBQ6F96;
				ENABLE_PREVIEWS = YES;
				GENERATE_INFOPLIST_FILE = YES;
				INFOPLIST_FILE = ShareDataDemo/Info.plist;
				INFOPLIST_KEY_UIApplicationSceneManifest_Generation = YES;
				INFOPLIST_KEY_UIApplicationSupportsIndirectInputEvents = YES;
				INFOPLIST_KEY_UILaunchScreen_Generation = YES;
				INFOPLIST_KEY_UISupportedInterfaceOrientations_iPad = "UIInterfaceOrientationPortrait UIInterfaceOrientationPortraitUpsideDown UIInterfaceOrientationLandscapeLeft UIInterfaceOrientationLandscapeRight";
				INFOPLIST_KEY_UISupportedInterfaceOrientations_iPhone = "UIInterfaceOrientationPortrait UIInterfaceOrientationLandscapeLeft UIInterfaceOrientationLandscapeRight";
				LD_RUNPATH_SEARCH_PATHS = (
					"$(inherited)",
					"@executable_path/Frameworks",
				);
				MARKETING_VERSION = 1.0;
				PRODUCT_BUNDLE_IDENTIFIER = com.crosszan.shareSwiftDataDemo.ShareDataDemo;
				PRODUCT_NAME = "$(TARGET_NAME)";
				SWIFT_EMIT_LOC_STRINGS = YES;
				SWIFT_VERSION = 5.0;
				TARGETED_DEVICE_FAMILY = "1,2";
			};
			name = Release;
		};
		2B91359D2D1B027D00BE82DC /* Debug */ = {
			isa = XCBuildConfiguration;
			buildSettings = {
				ALWAYS_SEARCH_USER_PATHS = NO;
				ASSETCATALOG_COMPILER_GENERATE_SWIFT_ASSET_SYMBOL_EXTENSIONS = YES;
				CLANG_ANALYZER_NONNULL = YES;
				CLANG_ANALYZER_NUMBER_OBJECT_CONVERSION = YES_AGGRESSIVE;
				CLANG_CXX_LANGUAGE_STANDARD = "gnu++20";
				CLANG_ENABLE_MODULES = YES;
				CLANG_ENABLE_OBJC_ARC = YES;
				CLANG_ENABLE_OBJC_WEAK = YES;
				CLANG_WARN_BLOCK_CAPTURE_AUTORELEASING = YES;
				CLANG_WARN_BOOL_CONVERSION = YES;
				CLANG_WARN_COMMA = YES;
				CLANG_WARN_CONSTANT_CONVERSION = YES;
				CLANG_WARN_DEPRECATED_OBJC_IMPLEMENTATIONS = YES;
				CLANG_WARN_DIRECT_OBJC_ISA_USAGE = YES_ERROR;
				CLANG_WARN_DOCUMENTATION_COMMENTS = YES;
				CLANG_WARN_EMPTY_BODY = YES;
				CLANG_WARN_ENUM_CONVERSION = YES;
				CLANG_WARN_INFINITE_RECURSION = YES;
				CLANG_WARN_INT_CONVERSION = YES;
				CLANG_WARN_NON_LITERAL_NULL_CONVERSION = YES;
				CLANG_WARN_OBJC_IMPLICIT_RETAIN_SELF = YES;
				CLANG_WARN_OBJC_LITERAL_CONVERSION = YES;
				CLANG_WARN_OBJC_ROOT_CLASS = YES_ERROR;
				CLANG_WARN_QUOTED_INCLUDE_IN_FRAMEWORK_HEADER = YES;
				CLANG_WARN_RANGE_LOOP_ANALYSIS = YES;
				CLANG_WARN_STRICT_PROTOTYPES = YES;
				CLANG_WARN_SUSPICIOUS_MOVE = YES;
				CLANG_WARN_UNGUARDED_AVAILABILITY = YES_AGGRESSIVE;
				CLANG_WARN_UNREACHABLE_CODE = YES;
				CLANG_WARN__DUPLICATE_METHOD_MATCH = YES;
				COPY_PHASE_STRIP = NO;
				DEBUG_INFORMATION_FORMAT = dwarf;
				ENABLE_STRICT_OBJC_MSGSEND = YES;
				ENABLE_TESTABILITY = YES;
				ENABLE_USER_SCRIPT_SANDBOXING = YES;
				GCC_C_LANGUAGE_STANDARD = gnu17;
				GCC_DYNAMIC_NO_PIC = NO;
				GCC_NO_COMMON_BLOCKS = YES;
				GCC_OPTIMIZATION_LEVEL = 0;
				GCC_PREPROCESSOR_DEFINITIONS = (
					"DEBUG=1",
					"$(inherited)",
				);
				GCC_WARN_64_TO_32_BIT_CONVERSION = YES;
				GCC_WARN_ABOUT_RETURN_TYPE = YES_ERROR;
				GCC_WARN_UNDECLARED_SELECTOR = YES;
				GCC_WARN_UNINITIALIZED_AUTOS = YES_AGGRESSIVE;
				GCC_WARN_UNUSED_FUNCTION = YES;
				GCC_WARN_UNUSED_VARIABLE = YES;
				IPHONEOS_DEPLOYMENT_TARGET = 18.2;
				LOCALIZATION_PREFERS_STRING_CATALOGS = YES;
				MTL_ENABLE_DEBUG_INFO = INCLUDE_SOURCE;
				MTL_FAST_MATH = YES;
				ONLY_ACTIVE_ARCH = YES;
				SDKROOT = iphoneos;
				SWIFT_ACTIVE_COMPILATION_CONDITIONS = "DEBUG $(inherited)";
				SWIFT_OPTIMIZATION_LEVEL = "-Onone";
			};
			name = Debug;
		};
		2B91359E2D1B027D00BE82DC /* Release */ = {
			isa = XCBuildConfiguration;
			buildSettings = {
				ALWAYS_SEARCH_USER_PATHS = NO;
				ASSETCATALOG_COMPILER_GENERATE_SWIFT_ASSET_SYMBOL_EXTENSIONS = YES;
				CLANG_ANALYZER_NONNULL = YES;
				CLANG_ANALYZER_NUMBER_OBJECT_CONVERSION = YES_AGGRESSIVE;
				CLANG_CXX_LANGUAGE_STANDARD = "gnu++20";
				CLANG_ENABLE_MODULES = YES;
				CLANG_ENABLE_OBJC_ARC = YES;
				CLANG_ENABLE_OBJC_WEAK = YES;
				CLANG_WARN_BLOCK_CAPTURE_AUTORELEASING = YES;
				CLANG_WARN_BOOL_CONVERSION = YES;
				CLANG_WARN_COMMA = YES;
				CLANG_WARN_CONSTANT_CONVERSION = YES;
				CLANG_WARN_DEPRECATED_OBJC_IMPLEMENTATIONS = YES;
				CLANG_WARN_DIRECT_OBJC_ISA_USAGE = YES_ERROR;
				CLANG_WARN_DOCUMENTATION_COMMENTS = YES;
				CLANG_WARN_EMPTY_BODY = YES;
				CLANG_WARN_ENUM_CONVERSION = YES;
				CLANG_WARN_INFINITE_RECURSION = YES;
				CLANG_WARN_INT_CONVERSION = YES;
				CLANG_WARN_NON_LITERAL_NULL_CONVERSION = YES;
				CLANG_WARN_OBJC_IMPLICIT_RETAIN_SELF = YES;
				CLANG_WARN_OBJC_LITERAL_CONVERSION = YES;
				CLANG_WARN_OBJC_ROOT_CLASS = YES_ERROR;
				CLANG_WARN_QUOTED_INCLUDE_IN_FRAMEWORK_HEADER = YES;
				CLANG_WARN_RANGE_LOOP_ANALYSIS = YES;
				CLANG_WARN_STRICT_PROTOTYPES = YES;
				CLANG_WARN_SUSPICIOUS_MOVE = YES;
				CLANG_WARN_UNGUARDED_AVAILABILITY = YES_AGGRESSIVE;
				CLANG_WARN_UNREACHABLE_CODE = YES;
				CLANG_WARN__DUPLICATE_METHOD_MATCH = YES;
				COPY_PHASE_STRIP = NO;
				DEBUG_INFORMATION_FORMAT = "dwarf-with-dsym";
				ENABLE_NS_ASSERTIONS = NO;
				ENABLE_STRICT_OBJC_MSGSEND = YES;
				ENABLE_USER_SCRIPT_SANDBOXING = YES;
				GCC_C_LANGUAGE_STANDARD = gnu17;
				GCC_NO_COMMON_BLOCKS = YES;
				GCC_WARN_64_TO_32_BIT_CONVERSION = YES;
				GCC_WARN_ABOUT_RETURN_TYPE = YES_ERROR;
				GCC_WARN_UNDECLARED_SELECTOR = YES;
				GCC_WARN_UNINITIALIZED_AUTOS = YES_AGGRESSIVE;
				GCC_WARN_UNUSED_FUNCTION = YES;
				GCC_WARN_UNUSED_VARIABLE = YES;
				IPHONEOS_DEPLOYMENT_TARGET = 18.2;
				LOCALIZATION_PREFERS_STRING_CATALOGS = YES;
				MTL_ENABLE_DEBUG_INFO = NO;
				MTL_FAST_MATH = YES;
				SDKROOT = iphoneos;
				SWIFT_COMPILATION_MODE = wholemodule;
				VALIDATE_PRODUCT = YES;
			};
			name = Release;
		};
		2B9135A02D1B027D00BE82DC /* Debug */ = {
			isa = XCBuildConfiguration;
			buildSettings = {
				BUNDLE_LOADER = "$(TEST_HOST)";
				CODE_SIGN_STYLE = Automatic;
				CURRENT_PROJECT_VERSION = 1;
				DEVELOPMENT_TEAM = 4C7QBQ6F96;
				GENERATE_INFOPLIST_FILE = YES;
				IPHONEOS_DEPLOYMENT_TARGET = 18.2;
				MARKETING_VERSION = 1.0;
				PRODUCT_BUNDLE_IDENTIFIER = com.crosszan.shareSwiftDataDemo.ShareDataDemoTests;
				PRODUCT_NAME = "$(TARGET_NAME)";
				SWIFT_EMIT_LOC_STRINGS = NO;
				SWIFT_VERSION = 5.0;
				TARGETED_DEVICE_FAMILY = "1,2";
				TEST_HOST = "$(BUILT_PRODUCTS_DIR)/ShareDataDemo.app/$(BUNDLE_EXECUTABLE_FOLDER_PATH)/ShareDataDemo";
			};
			name = Debug;
		};
		2B9135A12D1B027D00BE82DC /* Release */ = {
			isa = XCBuildConfiguration;
			buildSettings = {
				BUNDLE_LOADER = "$(TEST_HOST)";
				CODE_SIGN_STYLE = Automatic;
				CURRENT_PROJECT_VERSION = 1;
				DEVELOPMENT_TEAM = 4C7QBQ6F96;
				GENERATE_INFOPLIST_FILE = YES;
				IPHONEOS_DEPLOYMENT_TARGET = 18.2;
				MARKETING_VERSION = 1.0;
				PRODUCT_BUNDLE_IDENTIFIER = com.crosszan.shareSwiftDataDemo.ShareDataDemoTests;
				PRODUCT_NAME = "$(TARGET_NAME)";
				SWIFT_EMIT_LOC_STRINGS = NO;
				SWIFT_VERSION = 5.0;
				TARGETED_DEVICE_FAMILY = "1,2";
				TEST_HOST = "$(BUILT_PRODUCTS_DIR)/ShareDataDemo.app/$(BUNDLE_EXECUTABLE_FOLDER_PATH)/ShareDataDemo";
			};
			name = Release;
		};
		2B9135A32D1B027D00BE82DC /* Debug */ = {
			isa = XCBuildConfiguration;
			buildSettings = {
				CODE_SIGN_STYLE = Automatic;
				CURRENT_PROJECT_VERSION = 1;
				DEVELOPMENT_TEAM = 4C7QBQ6F96;
				GENERATE_INFOPLIST_FILE = YES;
				MARKETING_VERSION = 1.0;
				PRODUCT_BUNDLE_IDENTIFIER = com.crosszan.shareSwiftDataDemo.ShareDataDemoUITests;
				PRODUCT_NAME = "$(TARGET_NAME)";
				SWIFT_EMIT_LOC_STRINGS = NO;
				SWIFT_VERSION = 5.0;
				TARGETED_DEVICE_FAMILY = "1,2";
				TEST_TARGET_NAME = ShareDataDemo;
			};
			name = Debug;
		};
		2B9135A42D1B027D00BE82DC /* Release */ = {
			isa = XCBuildConfiguration;
			buildSettings = {
				CODE_SIGN_STYLE = Automatic;
				CURRENT_PROJECT_VERSION = 1;
				DEVELOPMENT_TEAM = 4C7QBQ6F96;
				GENERATE_INFOPLIST_FILE = YES;
				MARKETING_VERSION = 1.0;
				PRODUCT_BUNDLE_IDENTIFIER = com.crosszan.shareSwiftDataDemo.ShareDataDemoUITests;
				PRODUCT_NAME = "$(TARGET_NAME)";
				SWIFT_EMIT_LOC_STRINGS = NO;
				SWIFT_VERSION = 5.0;
				TARGETED_DEVICE_FAMILY = "1,2";
				TEST_TARGET_NAME = ShareDataDemo;
			};
			name = Release;
		};
/* End XCBuildConfiguration section */

/* Begin XCConfigurationList section */
		2B91356B2D1B027B00BE82DC /* Build configuration list for PBXProject "ShareDataDemo" */ = {
			isa = XCConfigurationList;
			buildConfigurations = (
				2B91359D2D1B027D00BE82DC /* Debug */,
				2B91359E2D1B027D00BE82DC /* Release */,
			);
			defaultConfigurationIsVisible = 0;
			defaultConfigurationName = Release;
		};
		2B91359A2D1B027D00BE82DC /* Build configuration list for PBXNativeTarget "ShareDataDemo" */ = {
			isa = XCConfigurationList;
			buildConfigurations = (
				2B91359B2D1B027D00BE82DC /* Debug */,
				2B91359C2D1B027D00BE82DC /* Release */,
			);
			defaultConfigurationIsVisible = 0;
			defaultConfigurationName = Release;
		};
		2B91359F2D1B027D00BE82DC /* Build configuration list for PBXNativeTarget "ShareDataDemoTests" */ = {
			isa = XCConfigurationList;
			buildConfigurations = (
				2B9135A02D1B027D00BE82DC /* Debug */,
				2B9135A12D1B027D00BE82DC /* Release */,
			);
			defaultConfigurationIsVisible = 0;
			defaultConfigurationName = Release;
		};
		2B9135A22D1B027D00BE82DC /* Build configuration list for PBXNativeTarget "ShareDataDemoUITests" */ = {
			isa = XCConfigurationList;
			buildConfigurations = (
				2B9135A32D1B027D00BE82DC /* Debug */,
				2B9135A42D1B027D00BE82DC /* Release */,
			);
			defaultConfigurationIsVisible = 0;
			defaultConfigurationName = Release;
		};
/* End XCConfigurationList section */
	};
	rootObject = 2B9135682D1B027B00BE82DC /* Project object */;
}
